
Microsoft Visual Studio Solution File, Format Version 12.00
# Visual Studio Version 17
VisualStudioVersion = 17.2.32602.215
MinimumVisualStudioVersion = 10.0.40219.1
Project("{FAE04EC0-301F-11D3-BF4B-00C04F79EFBC}") = "ex09-pensionato", "ex09-pensionato\ex09-pensionato.csproj", "{91EFE472-546B-4C7C-B281-F554DCEA9BCF}"
EndProject
Global
	GlobalSection(SolutionConfigurationPlatforms) = preSolution
		Debug|Any CPU = Debug|Any CPU
		Release|Any CPU = Release|Any CPU
	EndGlobalSection
	GlobalSection(ProjectConfigurationPlatforms) = postSolution
		{91EFE472-546B-4C7C-B281-F554DCEA9BCF}.Debug|Any CPU.ActiveCfg = Debug|Any CPU
		{91EFE472-546B-4C7C-B281-F554DCEA9BCF}.Debug|Any CPU.Build.0 = Debug|Any CPU
		{91EFE472-546B-4C7C-B281-F554DCEA9BCF}.Release|Any CPU.ActiveCfg = Release|Any CPU
		{91EFE472-546B-4C7C-B281-F554DCEA9BCF}.Release|Any CPU.Build.0 = Release|Any CPU
	EndGlobalSection
	GlobalSection(SolutionProperties) = preSolution
		HideSolutionNode = FALSE
	EndGlobalSection
	GlobalSection(ExtensibilityGlobals) = postSolution
		SolutionGuid = {C53C0243-7DFE-4367-B792-F5E5D596B869}
	EndGlobalSection
EndGlobal
