
Microsoft Visual Studio Solution File, Format Version 12.00
# Visual Studio Version 17
VisualStudioVersion = 17.2.32602.215
MinimumVisualStudioVersion = 10.0.40219.1
Project("{FAE04EC0-301F-11D3-BF4B-00C04F79EFBC}") = "ex08-banco", "ex08-banco\ex08-banco.csproj", "{C2F7BB97-4919-4487-A3B7-9D5D472DCD65}"
EndProject
Global
	GlobalSection(SolutionConfigurationPlatforms) = preSolution
		Debug|Any CPU = Debug|Any CPU
		Release|Any CPU = Release|Any CPU
	EndGlobalSection
	GlobalSection(ProjectConfigurationPlatforms) = postSolution
		{C2F7BB97-4919-4487-A3B7-9D5D472DCD65}.Debug|Any CPU.ActiveCfg = Debug|Any CPU
		{C2F7BB97-4919-4487-A3B7-9D5D472DCD65}.Debug|Any CPU.Build.0 = Debug|Any CPU
		{C2F7BB97-4919-4487-A3B7-9D5D472DCD65}.Release|Any CPU.ActiveCfg = Release|Any CPU
		{C2F7BB97-4919-4487-A3B7-9D5D472DCD65}.Release|Any CPU.Build.0 = Release|Any CPU
	EndGlobalSection
	GlobalSection(SolutionProperties) = preSolution
		HideSolutionNode = FALSE
	EndGlobalSection
	GlobalSection(ExtensibilityGlobals) = postSolution
		SolutionGuid = {60AE129C-1D29-4028-A1AA-C94FBE2F06D2}
	EndGlobalSection
EndGlobal
