
Microsoft Visual Studio Solution File, Format Version 12.00
# Visual Studio Version 17
VisualStudioVersion = 17.2.32602.215
MinimumVisualStudioVersion = 10.0.40219.1
Project("{FAE04EC0-301F-11D3-BF4B-00C04F79EFBC}") = "ex12-heranca", "ex12-heranca\ex12-heranca.csproj", "{FB64A8B2-BA31-42CE-942A-3753C120D304}"
EndProject
Global
	GlobalSection(SolutionConfigurationPlatforms) = preSolution
		Debug|Any CPU = Debug|Any CPU
		Release|Any CPU = Release|Any CPU
	EndGlobalSection
	GlobalSection(ProjectConfigurationPlatforms) = postSolution
		{FB64A8B2-BA31-42CE-942A-3753C120D304}.Debug|Any CPU.ActiveCfg = Debug|Any CPU
		{FB64A8B2-BA31-42CE-942A-3753C120D304}.Debug|Any CPU.Build.0 = Debug|Any CPU
		{FB64A8B2-BA31-42CE-942A-3753C120D304}.Release|Any CPU.ActiveCfg = Release|Any CPU
		{FB64A8B2-BA31-42CE-942A-3753C120D304}.Release|Any CPU.Build.0 = Release|Any CPU
	EndGlobalSection
	GlobalSection(SolutionProperties) = preSolution
		HideSolutionNode = FALSE
	EndGlobalSection
	GlobalSection(ExtensibilityGlobals) = postSolution
		SolutionGuid = {0327ADC2-A067-47D5-A153-7A6EF463F6D6}
	EndGlobalSection
EndGlobal
