
Microsoft Visual Studio Solution File, Format Version 12.00
# Visual Studio Version 17
VisualStudioVersion = 17.2.32616.157
MinimumVisualStudioVersion = 10.0.40219.1
Project("{9A19103F-16F7-4668-BE54-9A1E7A4F7556}") = "delegates", "delegates\delegates.csproj", "{E8CA3EC4-167C-45E0-A963-FE22C467AF1C}"
EndProject
Project("{9A19103F-16F7-4668-BE54-9A1E7A4F7556}") = "multicast-delegates", "multicast-delegates\multicast-delegates.csproj", "{52D0685B-5D55-47BF-8246-6ACD67660D58}"
EndProject
Project("{9A19103F-16F7-4668-BE54-9A1E7A4F7556}") = "predicate", "predicate\predicate.csproj", "{5B377561-89BF-4F82-8EB4-FD92DA63EF41}"
EndProject
Project("{9A19103F-16F7-4668-BE54-9A1E7A4F7556}") = "action", "action\action.csproj", "{E1620D0D-EF8A-44CD-9D4F-35326B8D7332}"
EndProject
Project("{FAE04EC0-301F-11D3-BF4B-00C04F79EFBC}") = "func", "func\func.csproj", "{247719B4-67B3-4341-82FA-EB4B494153BB}"
EndProject
Global
	GlobalSection(SolutionConfigurationPlatforms) = preSolution
		Debug|Any CPU = Debug|Any CPU
		Release|Any CPU = Release|Any CPU
	EndGlobalSection
	GlobalSection(ProjectConfigurationPlatforms) = postSolution
		{E8CA3EC4-167C-45E0-A963-FE22C467AF1C}.Debug|Any CPU.ActiveCfg = Debug|Any CPU
		{E8CA3EC4-167C-45E0-A963-FE22C467AF1C}.Debug|Any CPU.Build.0 = Debug|Any CPU
		{E8CA3EC4-167C-45E0-A963-FE22C467AF1C}.Release|Any CPU.ActiveCfg = Release|Any CPU
		{E8CA3EC4-167C-45E0-A963-FE22C467AF1C}.Release|Any CPU.Build.0 = Release|Any CPU
		{52D0685B-5D55-47BF-8246-6ACD67660D58}.Debug|Any CPU.ActiveCfg = Debug|Any CPU
		{52D0685B-5D55-47BF-8246-6ACD67660D58}.Debug|Any CPU.Build.0 = Debug|Any CPU
		{52D0685B-5D55-47BF-8246-6ACD67660D58}.Release|Any CPU.ActiveCfg = Release|Any CPU
		{52D0685B-5D55-47BF-8246-6ACD67660D58}.Release|Any CPU.Build.0 = Release|Any CPU
		{5B377561-89BF-4F82-8EB4-FD92DA63EF41}.Debug|Any CPU.ActiveCfg = Debug|Any CPU
		{5B377561-89BF-4F82-8EB4-FD92DA63EF41}.Debug|Any CPU.Build.0 = Debug|Any CPU
		{5B377561-89BF-4F82-8EB4-FD92DA63EF41}.Release|Any CPU.ActiveCfg = Release|Any CPU
		{5B377561-89BF-4F82-8EB4-FD92DA63EF41}.Release|Any CPU.Build.0 = Release|Any CPU
		{E1620D0D-EF8A-44CD-9D4F-35326B8D7332}.Debug|Any CPU.ActiveCfg = Debug|Any CPU
		{E1620D0D-EF8A-44CD-9D4F-35326B8D7332}.Debug|Any CPU.Build.0 = Debug|Any CPU
		{E1620D0D-EF8A-44CD-9D4F-35326B8D7332}.Release|Any CPU.ActiveCfg = Release|Any CPU
		{E1620D0D-EF8A-44CD-9D4F-35326B8D7332}.Release|Any CPU.Build.0 = Release|Any CPU
		{247719B4-67B3-4341-82FA-EB4B494153BB}.Debug|Any CPU.ActiveCfg = Debug|Any CPU
		{247719B4-67B3-4341-82FA-EB4B494153BB}.Debug|Any CPU.Build.0 = Debug|Any CPU
		{247719B4-67B3-4341-82FA-EB4B494153BB}.Release|Any CPU.ActiveCfg = Release|Any CPU
		{247719B4-67B3-4341-82FA-EB4B494153BB}.Release|Any CPU.Build.0 = Release|Any CPU
	EndGlobalSection
	GlobalSection(SolutionProperties) = preSolution
		HideSolutionNode = FALSE
	EndGlobalSection
	GlobalSection(ExtensibilityGlobals) = postSolution
		SolutionGuid = {73F14580-63EB-41C0-9F9F-1CB8C2A815DE}
	EndGlobalSection
EndGlobal
