
Microsoft Visual Studio Solution File, Format Version 12.00
# Visual Studio Version 17
VisualStudioVersion = 17.2.32602.215
MinimumVisualStudioVersion = 10.0.40219.1
Project("{FAE04EC0-301F-11D3-BF4B-00C04F79EFBC}") = "ex06-aluno", "ex06-aluno\ex06-aluno.csproj", "{593C8EC2-632F-424A-8D9D-B3B98742CA26}"
EndProject
Global
	GlobalSection(SolutionConfigurationPlatforms) = preSolution
		Debug|Any CPU = Debug|Any CPU
		Release|Any CPU = Release|Any CPU
	EndGlobalSection
	GlobalSection(ProjectConfigurationPlatforms) = postSolution
		{593C8EC2-632F-424A-8D9D-B3B98742CA26}.Debug|Any CPU.ActiveCfg = Debug|Any CPU
		{593C8EC2-632F-424A-8D9D-B3B98742CA26}.Debug|Any CPU.Build.0 = Debug|Any CPU
		{593C8EC2-632F-424A-8D9D-B3B98742CA26}.Release|Any CPU.ActiveCfg = Release|Any CPU
		{593C8EC2-632F-424A-8D9D-B3B98742CA26}.Release|Any CPU.Build.0 = Release|Any CPU
	EndGlobalSection
	GlobalSection(SolutionProperties) = preSolution
		HideSolutionNode = FALSE
	EndGlobalSection
	GlobalSection(ExtensibilityGlobals) = postSolution
		SolutionGuid = {DDF879CF-F77A-4F63-8D9A-14FE8AB031B7}
	EndGlobalSection
EndGlobal
