
Microsoft Visual Studio Solution File, Format Version 12.00
# Visual Studio Version 17
VisualStudioVersion = 17.2.32602.215
MinimumVisualStudioVersion = 10.0.40219.1
Project("{FAE04EC0-301F-11D3-BF4B-00C04F79EFBC}") = "ex03-produto", "ex03-produto\ex03-produto.csproj", "{1283E2A3-ABC9-4221-91EF-301B955A48AA}"
EndProject
Global
	GlobalSection(SolutionConfigurationPlatforms) = preSolution
		Debug|Any CPU = Debug|Any CPU
		Release|Any CPU = Release|Any CPU
	EndGlobalSection
	GlobalSection(ProjectConfigurationPlatforms) = postSolution
		{1283E2A3-ABC9-4221-91EF-301B955A48AA}.Debug|Any CPU.ActiveCfg = Debug|Any CPU
		{1283E2A3-ABC9-4221-91EF-301B955A48AA}.Debug|Any CPU.Build.0 = Debug|Any CPU
		{1283E2A3-ABC9-4221-91EF-301B955A48AA}.Release|Any CPU.ActiveCfg = Release|Any CPU
		{1283E2A3-ABC9-4221-91EF-301B955A48AA}.Release|Any CPU.Build.0 = Release|Any CPU
	EndGlobalSection
	GlobalSection(SolutionProperties) = preSolution
		HideSolutionNode = FALSE
	EndGlobalSection
	GlobalSection(ExtensibilityGlobals) = postSolution
		SolutionGuid = {A65FE94D-166F-4C8B-B978-46432807BCCA}
	EndGlobalSection
EndGlobal
